
Microsoft Visual Studio Solution File, Format Version 12.00
Project("{FAE04EC0-301F-11D3-BF4B-00C04F79EFBC}") = "Uaim1", "Uaim1\Uaim1.csproj", "{8BA8342E-2115-42AA-B1AC-3CA8785A03F7}"
EndProject
Global
	GlobalSection(SolutionConfigurationPlatforms) = preSolution
		Debug|Any CPU = Debug|Any CPU
		Release|Any CPU = Release|Any CPU
	EndGlobalSection
	GlobalSection(ProjectConfigurationPlatforms) = postSolution
		{8BA8342E-2115-42AA-B1AC-3CA8785A03F7}.Debug|Any CPU.ActiveCfg = Debug|Any CPU
		{8BA8342E-2115-42AA-B1AC-3CA8785A03F7}.Debug|Any CPU.Build.0 = Debug|Any CPU
		{8BA8342E-2115-42AA-B1AC-3CA8785A03F7}.Release|Any CPU.ActiveCfg = Release|Any CPU
		{8BA8342E-2115-42AA-B1AC-3CA8785A03F7}.Release|Any CPU.Build.0 = Release|Any CPU
	EndGlobalSection
EndGlobal
