
Microsoft Visual Studio Solution File, Format Version 12.00
# Visual Studio Version 16
VisualStudioVersion = 16.0.31205.134
MinimumVisualStudioVersion = 10.0.40219.1
Project("{FAE04EC0-301F-11D3-BF4B-00C04F79EFBC}") = "DoctorsUwpFrontendClientApplication.App", "DoctorsUwpFrontendClientApplication.App\DoctorsUwpFrontendClientApplication.App.csproj", "{FD02E736-1832-4D38-847F-0A11087B3AF1}"
EndProject
Project("{9A19103F-16F7-4668-BE54-9A1E7A4F7556}") = "DoctorsUwpFrontendClientApplication.Models", "DoctorsUwpFrontendClientApplication.Models\DoctorsUwpFrontendClientApplication.Models.csproj", "{DD85A833-C876-44CE-AE65-C6CF655386B8}"
EndProject
Project("{9A19103F-16F7-4668-BE54-9A1E7A4F7556}") = "DoctorsUwpFrontendClientApplication.Controller", "DoctorsUwpFrontendClientApplication.Controller\DoctorsUwpFrontendClientApplication.Controller.csproj", "{56D49EFB-F0D3-423E-A0BC-FFA98C74DDC6}"
EndProject
Project("{FAE04EC0-301F-11D3-BF4B-00C04F79EFBC}") = "DoctorsUwpFrontendClientApplication.Test", "DoctorsUwpFrontendClientApplication.Test\DoctorsUwpFrontendClientApplication.Test.csproj", "{D8EC86FD-1105-4879-BC46-04E6525A515E}"
EndProject
Global
	GlobalSection(SolutionConfigurationPlatforms) = preSolution
		Debug|Any CPU = Debug|Any CPU
		Debug|ARM = Debug|ARM
		Debug|x64 = Debug|x64
		Debug|x86 = Debug|x86
		Release|Any CPU = Release|Any CPU
		Release|ARM = Release|ARM
		Release|x64 = Release|x64
		Release|x86 = Release|x86
	EndGlobalSection
	GlobalSection(ProjectConfigurationPlatforms) = postSolution
		{FD02E736-1832-4D38-847F-0A11087B3AF1}.Debug|Any CPU.ActiveCfg = Debug|x86
		{FD02E736-1832-4D38-847F-0A11087B3AF1}.Debug|Any CPU.Build.0 = Debug|x86
		{FD02E736-1832-4D38-847F-0A11087B3AF1}.Debug|Any CPU.Deploy.0 = Debug|x86
		{FD02E736-1832-4D38-847F-0A11087B3AF1}.Debug|ARM.ActiveCfg = Debug|ARM
		{FD02E736-1832-4D38-847F-0A11087B3AF1}.Debug|ARM.Build.0 = Debug|ARM
		{FD02E736-1832-4D38-847F-0A11087B3AF1}.Debug|ARM.Deploy.0 = Debug|ARM
		{FD02E736-1832-4D38-847F-0A11087B3AF1}.Debug|x64.ActiveCfg = Debug|x64
		{FD02E736-1832-4D38-847F-0A11087B3AF1}.Debug|x64.Build.0 = Debug|x64
		{FD02E736-1832-4D38-847F-0A11087B3AF1}.Debug|x64.Deploy.0 = Debug|x64
		{FD02E736-1832-4D38-847F-0A11087B3AF1}.Debug|x86.ActiveCfg = Debug|x86
		{FD02E736-1832-4D38-847F-0A11087B3AF1}.Debug|x86.Build.0 = Debug|x86
		{FD02E736-1832-4D38-847F-0A11087B3AF1}.Debug|x86.Deploy.0 = Debug|x86
		{FD02E736-1832-4D38-847F-0A11087B3AF1}.Release|Any CPU.ActiveCfg = Release|x86
		{FD02E736-1832-4D38-847F-0A11087B3AF1}.Release|ARM.ActiveCfg = Release|ARM
		{FD02E736-1832-4D38-847F-0A11087B3AF1}.Release|ARM.Build.0 = Release|ARM
		{FD02E736-1832-4D38-847F-0A11087B3AF1}.Release|ARM.Deploy.0 = Release|ARM
		{FD02E736-1832-4D38-847F-0A11087B3AF1}.Release|x64.ActiveCfg = Release|x64
		{FD02E736-1832-4D38-847F-0A11087B3AF1}.Release|x64.Build.0 = Release|x64
		{FD02E736-1832-4D38-847F-0A11087B3AF1}.Release|x64.Deploy.0 = Release|x64
		{FD02E736-1832-4D38-847F-0A11087B3AF1}.Release|x86.ActiveCfg = Release|x86
		{FD02E736-1832-4D38-847F-0A11087B3AF1}.Release|x86.Build.0 = Release|x86
		{FD02E736-1832-4D38-847F-0A11087B3AF1}.Release|x86.Deploy.0 = Release|x86
		{DD85A833-C876-44CE-AE65-C6CF655386B8}.Debug|Any CPU.ActiveCfg = Debug|Any CPU
		{DD85A833-C876-44CE-AE65-C6CF655386B8}.Debug|Any CPU.Build.0 = Debug|Any CPU
		{DD85A833-C876-44CE-AE65-C6CF655386B8}.Debug|ARM.ActiveCfg = Debug|Any CPU
		{DD85A833-C876-44CE-AE65-C6CF655386B8}.Debug|ARM.Build.0 = Debug|Any CPU
		{DD85A833-C876-44CE-AE65-C6CF655386B8}.Debug|x64.ActiveCfg = Debug|Any CPU
		{DD85A833-C876-44CE-AE65-C6CF655386B8}.Debug|x64.Build.0 = Debug|Any CPU
		{DD85A833-C876-44CE-AE65-C6CF655386B8}.Debug|x86.ActiveCfg = Debug|Any CPU
		{DD85A833-C876-44CE-AE65-C6CF655386B8}.Debug|x86.Build.0 = Debug|Any CPU
		{DD85A833-C876-44CE-AE65-C6CF655386B8}.Release|Any CPU.ActiveCfg = Release|Any CPU
		{DD85A833-C876-44CE-AE65-C6CF655386B8}.Release|Any CPU.Build.0 = Release|Any CPU
		{DD85A833-C876-44CE-AE65-C6CF655386B8}.Release|ARM.ActiveCfg = Release|Any CPU
		{DD85A833-C876-44CE-AE65-C6CF655386B8}.Release|ARM.Build.0 = Release|Any CPU
		{DD85A833-C876-44CE-AE65-C6CF655386B8}.Release|x64.ActiveCfg = Release|Any CPU
		{DD85A833-C876-44CE-AE65-C6CF655386B8}.Release|x64.Build.0 = Release|Any CPU
		{DD85A833-C876-44CE-AE65-C6CF655386B8}.Release|x86.ActiveCfg = Release|Any CPU
		{DD85A833-C876-44CE-AE65-C6CF655386B8}.Release|x86.Build.0 = Release|Any CPU
		{56D49EFB-F0D3-423E-A0BC-FFA98C74DDC6}.Debug|Any CPU.ActiveCfg = Debug|Any CPU
		{56D49EFB-F0D3-423E-A0BC-FFA98C74DDC6}.Debug|Any CPU.Build.0 = Debug|Any CPU
		{56D49EFB-F0D3-423E-A0BC-FFA98C74DDC6}.Debug|ARM.ActiveCfg = Debug|Any CPU
		{56D49EFB-F0D3-423E-A0BC-FFA98C74DDC6}.Debug|ARM.Build.0 = Debug|Any CPU
		{56D49EFB-F0D3-423E-A0BC-FFA98C74DDC6}.Debug|x64.ActiveCfg = Debug|Any CPU
		{56D49EFB-F0D3-423E-A0BC-FFA98C74DDC6}.Debug|x64.Build.0 = Debug|Any CPU
		{56D49EFB-F0D3-423E-A0BC-FFA98C74DDC6}.Debug|x86.ActiveCfg = Debug|Any CPU
		{56D49EFB-F0D3-423E-A0BC-FFA98C74DDC6}.Debug|x86.Build.0 = Debug|Any CPU
		{56D49EFB-F0D3-423E-A0BC-FFA98C74DDC6}.Release|Any CPU.ActiveCfg = Release|Any CPU
		{56D49EFB-F0D3-423E-A0BC-FFA98C74DDC6}.Release|Any CPU.Build.0 = Release|Any CPU
		{56D49EFB-F0D3-423E-A0BC-FFA98C74DDC6}.Release|ARM.ActiveCfg = Release|Any CPU
		{56D49EFB-F0D3-423E-A0BC-FFA98C74DDC6}.Release|ARM.Build.0 = Release|Any CPU
		{56D49EFB-F0D3-423E-A0BC-FFA98C74DDC6}.Release|x64.ActiveCfg = Release|Any CPU
		{56D49EFB-F0D3-423E-A0BC-FFA98C74DDC6}.Release|x64.Build.0 = Release|Any CPU
		{56D49EFB-F0D3-423E-A0BC-FFA98C74DDC6}.Release|x86.ActiveCfg = Release|Any CPU
		{56D49EFB-F0D3-423E-A0BC-FFA98C74DDC6}.Release|x86.Build.0 = Release|Any CPU
		{D8EC86FD-1105-4879-BC46-04E6525A515E}.Debug|Any CPU.ActiveCfg = Debug|Any CPU
		{D8EC86FD-1105-4879-BC46-04E6525A515E}.Debug|Any CPU.Build.0 = Debug|Any CPU
		{D8EC86FD-1105-4879-BC46-04E6525A515E}.Debug|ARM.ActiveCfg = Debug|Any CPU
		{D8EC86FD-1105-4879-BC46-04E6525A515E}.Debug|ARM.Build.0 = Debug|Any CPU
		{D8EC86FD-1105-4879-BC46-04E6525A515E}.Debug|x64.ActiveCfg = Debug|Any CPU
		{D8EC86FD-1105-4879-BC46-04E6525A515E}.Debug|x64.Build.0 = Debug|Any CPU
		{D8EC86FD-1105-4879-BC46-04E6525A515E}.Debug|x86.ActiveCfg = Debug|Any CPU
		{D8EC86FD-1105-4879-BC46-04E6525A515E}.Debug|x86.Build.0 = Debug|Any CPU
		{D8EC86FD-1105-4879-BC46-04E6525A515E}.Release|Any CPU.ActiveCfg = Release|Any CPU
		{D8EC86FD-1105-4879-BC46-04E6525A515E}.Release|Any CPU.Build.0 = Release|Any CPU
		{D8EC86FD-1105-4879-BC46-04E6525A515E}.Release|ARM.ActiveCfg = Release|Any CPU
		{D8EC86FD-1105-4879-BC46-04E6525A515E}.Release|ARM.Build.0 = Release|Any CPU
		{D8EC86FD-1105-4879-BC46-04E6525A515E}.Release|x64.ActiveCfg = Release|Any CPU
		{D8EC86FD-1105-4879-BC46-04E6525A515E}.Release|x64.Build.0 = Release|Any CPU
		{D8EC86FD-1105-4879-BC46-04E6525A515E}.Release|x86.ActiveCfg = Release|Any CPU
		{D8EC86FD-1105-4879-BC46-04E6525A515E}.Release|x86.Build.0 = Release|Any CPU
	EndGlobalSection
	GlobalSection(SolutionProperties) = preSolution
		HideSolutionNode = FALSE
	EndGlobalSection
	GlobalSection(ExtensibilityGlobals) = postSolution
		SolutionGuid = {A51F6B72-2785-4933-9823-690FA1BE0676}
	EndGlobalSection
EndGlobal
